// !$*UTF8*$!
{
	archiveVersion = 1;
	classes = {
	};
	objectVersion = 50;
	objects = {

/* Begin PBXBuildFile section */
		CACC748C2354F93800FE3672 /* AppDelegate.m in Sources */ = {isa = PBXBuildFile; fileRef = CACC748B2354F93800FE3672 /* AppDelegate.m */; };
		CACC748F2354F93800FE3672 /* TKViewController.mm in Sources */ = {isa = PBXBuildFile; fileRef = CACC748E2354F93800FE3672 /* TKViewController.mm */; };
		CACC74922354F93800FE3672 /* Main.storyboard in Resources */ = {isa = PBXBuildFile; fileRef = CACC74902354F93800FE3672 /* Main.storyboard */; };
		CACC74952354F93800FE3672 /* LaunchScreen.storyboard in Resources */ = {isa = PBXBuildFile; fileRef = CACC74932354F93800FE3672 /* LaunchScreen.storyboard */; };
		CACC74982354F93800FE3672 /* main.m in Sources */ = {isa = PBXBuildFile; fileRef = CACC74972354F93800FE3672 /* main.m */; };
		CACC74A12354F93800FE3672 /* AppDelegate.m in Sources */ = {isa = PBXBuildFile; fileRef = CACC74A02354F93800FE3672 /* AppDelegate.m */; };
		CACC74A42354F93800FE3672 /* TKViewController.mm in Sources */ = {isa = PBXBuildFile; fileRef = CACC74A32354F93800FE3672 /* TKViewController.mm */; };
		CACC74AA2354F93800FE3672 /* main.m in Sources */ = {isa = PBXBuildFile; fileRef = CACC74A92354F93800FE3672 /* main.m */; };
		CACC74AF2354F93800FE3672 /* Assets.xcassets in Resources */ = {isa = PBXBuildFile; fileRef = CACC74822354F93800FE3672 /* Assets.xcassets */; };
		CACC74B02354F93800FE3672 /* Assets.xcassets in Resources */ = {isa = PBXBuildFile; fileRef = CACC74822354F93800FE3672 /* Assets.xcassets */; };
		CACC74C12354F9AB00FE3672 /* TKViewController.mm in Sources */ = {isa = PBXBuildFile; fileRef = CACC74C02354F9AB00FE3672 /* TKViewController.mm */; };
		CACC74C42354F9AB00FE3672 /* MainInterface.storyboard in Resources */ = {isa = PBXBuildFile; fileRef = CACC74C22354F9AB00FE3672 /* MainInterface.storyboard */; };
		CACC74C82354F9AB00FE3672 /* TransferKitty ShareExtension iOS.appex in Embed App Extensions */ = {isa = PBXBuildFile; fileRef = CACC74BD2354F9AB00FE3672 /* TransferKitty ShareExtension iOS.appex */; settings = {ATTRIBUTES = (RemoveHeadersOnCopy, ); }; };
		CACC74CD2354FC5400FE3672 /* Assets.xcassets in Resources */ = {isa = PBXBuildFile; fileRef = CACC74822354F93800FE3672 /* Assets.xcassets */; };
		CAE7EC4C235C4F5A00C4D217 /* Nuklear.metal in Sources */ = {isa = PBXBuildFile; fileRef = CAE7EC44235C4F5A00C4D217 /* Nuklear.metal */; };
		CAE7EC4D235C4F5A00C4D217 /* Nuklear.metal in Sources */ = {isa = PBXBuildFile; fileRef = CAE7EC44235C4F5A00C4D217 /* Nuklear.metal */; };
		CAE7EC4E235C4F5A00C4D217 /* Nuklear.metal in Sources */ = {isa = PBXBuildFile; fileRef = CAE7EC44235C4F5A00C4D217 /* Nuklear.metal */; };
		CAE7EC4F235C4F5A00C4D217 /* TKBluetoothCommunicator.m in Sources */ = {isa = PBXBuildFile; fileRef = CAE7EC45235C4F5A00C4D217 /* TKBluetoothCommunicator.m */; };
		CAE7EC50235C4F5A00C4D217 /* TKBluetoothCommunicator.m in Sources */ = {isa = PBXBuildFile; fileRef = CAE7EC45235C4F5A00C4D217 /* TKBluetoothCommunicator.m */; };
		CAE7EC51235C4F5A00C4D217 /* TKBluetoothCommunicator.m in Sources */ = {isa = PBXBuildFile; fileRef = CAE7EC45235C4F5A00C4D217 /* TKBluetoothCommunicator.m */; };
		CAE7EC52235C4F5A00C4D217 /* TKNuklearMetalViewDelegate.mm in Sources */ = {isa = PBXBuildFile; fileRef = CAE7EC4A235C4F5A00C4D217 /* TKNuklearMetalViewDelegate.mm */; };
		CAE7EC53235C4F5A00C4D217 /* TKNuklearMetalViewDelegate.mm in Sources */ = {isa = PBXBuildFile; fileRef = CAE7EC4A235C4F5A00C4D217 /* TKNuklearMetalViewDelegate.mm */; };
		CAE7EC54235C4F5A00C4D217 /* TKNuklearMetalViewDelegate.mm in Sources */ = {isa = PBXBuildFile; fileRef = CAE7EC4A235C4F5A00C4D217 /* TKNuklearMetalViewDelegate.mm */; };
		CAE7EC57235C51D800C4D217 /* CoreBluetooth.framework in Frameworks */ = {isa = PBXBuildFile; fileRef = CAE7EC56235C51D800C4D217 /* CoreBluetooth.framework */; };
		CAE7EC5A235C51E100C4D217 /* Metal.framework in Frameworks */ = {isa = PBXBuildFile; fileRef = CAE7EC58235C51E100C4D217 /* Metal.framework */; };
		CAE7EC5B235C51E100C4D217 /* MetalKit.framework in Frameworks */ = {isa = PBXBuildFile; fileRef = CAE7EC59235C51E100C4D217 /* MetalKit.framework */; };
		CAE7EC5D235C51EC00C4D217 /* CoreBluetooth.framework in Frameworks */ = {isa = PBXBuildFile; fileRef = CAE7EC5C235C51EC00C4D217 /* CoreBluetooth.framework */; };
		CAE7EC60235C51F400C4D217 /* MetalKit.framework in Frameworks */ = {isa = PBXBuildFile; fileRef = CAE7EC5E235C51F400C4D217 /* MetalKit.framework */; };
		CAE7EC61235C51F400C4D217 /* Metal.framework in Frameworks */ = {isa = PBXBuildFile; fileRef = CAE7EC5F235C51F400C4D217 /* Metal.framework */; };
		CAE7EC62235C51FE00C4D217 /* CoreBluetooth.framework in Frameworks */ = {isa = PBXBuildFile; fileRef = CAE7EC56235C51D800C4D217 /* CoreBluetooth.framework */; };
		CAE7EC63235C520400C4D217 /* Metal.framework in Frameworks */ = {isa = PBXBuildFile; fileRef = CAE7EC58235C51E100C4D217 /* Metal.framework */; };
		CAE7EC64235C520400C4D217 /* MetalKit.framework in Frameworks */ = {isa = PBXBuildFile; fileRef = CAE7EC59235C51E100C4D217 /* MetalKit.framework */; };
		F919AF64236E1A8E00E9EF75 /* Main.storyboard in Resources */ = {isa = PBXBuildFile; fileRef = CACC74A52354F93800FE3672 /* Main.storyboard */; };
		F998F726236E312E0025564F /* icon.icns in Resources */ = {isa = PBXBuildFile; fileRef = F998F725236E312E0025564F /* icon.icns */; };
		F998F729236E312E0025564F /* TKViewController.mm in Sources */ = {isa = PBXBuildFile; fileRef = F998F728236E312E0025564F /* TKViewController.mm */; };
		F998F72C236E312E0025564F /* Main.xib in Resources */ = {isa = PBXBuildFile; fileRef = F998F72A236E312E0025564F /* Main.xib */; };
		F998F731236E312E0025564F /* TransferKitty ShareExtension macOS.appex in Embed App Extensions */ = {isa = PBXBuildFile; fileRef = F998F723236E312E0025564F /* TransferKitty ShareExtension macOS.appex */; settings = {ATTRIBUTES = (RemoveHeadersOnCopy, ); }; };
		F998F735236E348C0025564F /* Assets.xcassets in Resources */ = {isa = PBXBuildFile; fileRef = CACC74822354F93800FE3672 /* Assets.xcassets */; };
		F998F736236E348C0025564F /* TKBluetoothCommunicator.m in Sources */ = {isa = PBXBuildFile; fileRef = CAE7EC45235C4F5A00C4D217 /* TKBluetoothCommunicator.m */; };
		F998F737236E348C0025564F /* TKNuklearMetalViewDelegate.mm in Sources */ = {isa = PBXBuildFile; fileRef = CAE7EC4A235C4F5A00C4D217 /* TKNuklearMetalViewDelegate.mm */; };
		F998F738236E348C0025564F /* Nuklear.metal in Sources */ = {isa = PBXBuildFile; fileRef = CAE7EC44235C4F5A00C4D217 /* Nuklear.metal */; };
		F998F739236E359A0025564F /* AppKit.framework in Frameworks */ = {isa = PBXBuildFile; fileRef = F919AF5E236E16BA00E9EF75 /* AppKit.framework */; };
		F998F73A236E359F0025564F /* CoreBluetooth.framework in Frameworks */ = {isa = PBXBuildFile; fileRef = CAE7EC5C235C51EC00C4D217 /* CoreBluetooth.framework */; };
		F998F73B236E35A40025564F /* Metal.framework in Frameworks */ = {isa = PBXBuildFile; fileRef = CAE7EC5F235C51F400C4D217 /* Metal.framework */; };
		F998F73C236E35A40025564F /* MetalKit.framework in Frameworks */ = {isa = PBXBuildFile; fileRef = CAE7EC5E235C51F400C4D217 /* MetalKit.framework */; };
		F998F741236E3DD60025564F /* QuartzCore.framework in Frameworks */ = {isa = PBXBuildFile; fileRef = F998F740236E3DD60025564F /* QuartzCore.framework */; };
		F998F7862385EA500025564F /* TKUIStatePopulator.cpp in Sources */ = {isa = PBXBuildFile; fileRef = F998F7852385EA500025564F /* TKUIStatePopulator.cpp */; };
		F998F7872385EA500025564F /* TKUIStatePopulator.cpp in Sources */ = {isa = PBXBuildFile; fileRef = F998F7852385EA500025564F /* TKUIStatePopulator.cpp */; };
		F998F7882385EA500025564F /* TKUIStatePopulator.cpp in Sources */ = {isa = PBXBuildFile; fileRef = F998F7852385EA500025564F /* TKUIStatePopulator.cpp */; };
		F998F7892385EA500025564F /* TKUIStatePopulator.cpp in Sources */ = {isa = PBXBuildFile; fileRef = F998F7852385EA500025564F /* TKUIStatePopulator.cpp */; };
		F998F78D238736960025564F /* TKApp.mm in Sources */ = {isa = PBXBuildFile; fileRef = F998F78B238736960025564F /* TKApp.mm */; };
		F998F78E238736960025564F /* TKApp.mm in Sources */ = {isa = PBXBuildFile; fileRef = F998F78B238736960025564F /* TKApp.mm */; };
		F998F78F238736960025564F /* TKApp.mm in Sources */ = {isa = PBXBuildFile; fileRef = F998F78B238736960025564F /* TKApp.mm */; };
		F998F790238736960025564F /* TKApp.mm in Sources */ = {isa = PBXBuildFile; fileRef = F998F78B238736960025564F /* TKApp.mm */; };
		F998F79423A70CF90025564F /* TKBlurHash.cpp in Sources */ = {isa = PBXBuildFile; fileRef = F998F79323A70CF90025564F /* TKBlurHash.cpp */; };
		F998F79523A70CF90025564F /* TKBlurHash.cpp in Sources */ = {isa = PBXBuildFile; fileRef = F998F79323A70CF90025564F /* TKBlurHash.cpp */; };
		F998F79623A70CF90025564F /* TKBlurHash.cpp in Sources */ = {isa = PBXBuildFile; fileRef = F998F79323A70CF90025564F /* TKBlurHash.cpp */; };
		F998F79723A70CF90025564F /* TKBlurHash.cpp in Sources */ = {isa = PBXBuildFile; fileRef = F998F79323A70CF90025564F /* TKBlurHash.cpp */; };
/* End PBXBuildFile section */

/* Begin PBXContainerItemProxy section */
		CACC74C62354F9AB00FE3672 /* PBXContainerItemProxy */ = {
			isa = PBXContainerItemProxy;
			containerPortal = CACC74792354F93500FE3672 /* Project object */;
			proxyType = 1;
			remoteGlobalIDString = CACC74BC2354F9AB00FE3672;
			remoteInfo = TransferKittyShareExtension;
		};
		F998F72F236E312E0025564F /* PBXContainerItemProxy */ = {
			isa = PBXContainerItemProxy;
			containerPortal = CACC74792354F93500FE3672 /* Project object */;
			proxyType = 1;
			remoteGlobalIDString = F998F722236E312E0025564F;
			remoteInfo = "TransferKitty ShareExtension macOS";
		};
/* End PBXContainerItemProxy section */

/* Begin PBXCopyFilesBuildPhase section */
		CACC74CC2354F9AB00FE3672 /* Embed App Extensions */ = {
			isa = PBXCopyFilesBuildPhase;
			buildActionMask = 2147483647;
			dstPath = "";
			dstSubfolderSpec = 13;
			files = (
				CACC74C82354F9AB00FE3672 /* TransferKitty ShareExtension iOS.appex in Embed App Extensions */,
			);
			name = "Embed App Extensions";
			runOnlyForDeploymentPostprocessing = 0;
		};
		F919AF57236E055900E9EF75 /* Embed App Extensions */ = {
			isa = PBXCopyFilesBuildPhase;
			buildActionMask = 2147483647;
			dstPath = "";
			dstSubfolderSpec = 13;
			files = (
				F998F731236E312E0025564F /* TransferKitty ShareExtension macOS.appex in Embed App Extensions */,
			);
			name = "Embed App Extensions";
			runOnlyForDeploymentPostprocessing = 0;
		};
/* End PBXCopyFilesBuildPhase section */

/* Begin PBXFileReference section */
		CACC74822354F93800FE3672 /* Assets.xcassets */ = {isa = PBXFileReference; lastKnownFileType = folder.assetcatalog; path = Assets.xcassets; sourceTree = "<group>"; };
		CACC74872354F93800FE3672 /* TransferKitty.app */ = {isa = PBXFileReference; explicitFileType = wrapper.application; includeInIndex = 0; path = TransferKitty.app; sourceTree = BUILT_PRODUCTS_DIR; };
		CACC748A2354F93800FE3672 /* AppDelegate.h */ = {isa = PBXFileReference; lastKnownFileType = sourcecode.c.h; path = AppDelegate.h; sourceTree = "<group>"; };
		CACC748B2354F93800FE3672 /* AppDelegate.m */ = {isa = PBXFileReference; lastKnownFileType = sourcecode.c.objc; path = AppDelegate.m; sourceTree = "<group>"; };
		CACC748D2354F93800FE3672 /* TKViewController.h */ = {isa = PBXFileReference; lastKnownFileType = sourcecode.c.h; path = TKViewController.h; sourceTree = "<group>"; };
		CACC748E2354F93800FE3672 /* TKViewController.mm */ = {isa = PBXFileReference; lastKnownFileType = sourcecode.cpp.objcpp; path = TKViewController.mm; sourceTree = "<group>"; };
		CACC74912354F93800FE3672 /* Base */ = {isa = PBXFileReference; lastKnownFileType = file.storyboard; name = Base; path = Base.lproj/Main.storyboard; sourceTree = "<group>"; };
		CACC74942354F93800FE3672 /* Base */ = {isa = PBXFileReference; lastKnownFileType = file.storyboard; name = Base; path = Base.lproj/LaunchScreen.storyboard; sourceTree = "<group>"; };
		CACC74962354F93800FE3672 /* Info.plist */ = {isa = PBXFileReference; lastKnownFileType = text.plist.xml; path = Info.plist; sourceTree = "<group>"; };
		CACC74972354F93800FE3672 /* main.m */ = {isa = PBXFileReference; lastKnownFileType = sourcecode.c.objc; path = main.m; sourceTree = "<group>"; };
		CACC749D2354F93800FE3672 /* TransferKitty.app */ = {isa = PBXFileReference; explicitFileType = wrapper.application; includeInIndex = 0; path = TransferKitty.app; sourceTree = BUILT_PRODUCTS_DIR; };
		CACC749F2354F93800FE3672 /* AppDelegate.h */ = {isa = PBXFileReference; lastKnownFileType = sourcecode.c.h; path = AppDelegate.h; sourceTree = "<group>"; };
		CACC74A02354F93800FE3672 /* AppDelegate.m */ = {isa = PBXFileReference; lastKnownFileType = sourcecode.c.objc; path = AppDelegate.m; sourceTree = "<group>"; };
		CACC74A22354F93800FE3672 /* TKViewController.h */ = {isa = PBXFileReference; lastKnownFileType = sourcecode.c.h; path = TKViewController.h; sourceTree = "<group>"; };
		CACC74A32354F93800FE3672 /* TKViewController.mm */ = {isa = PBXFileReference; lastKnownFileType = sourcecode.cpp.objcpp; path = TKViewController.mm; sourceTree = "<group>"; };
		CACC74A62354F93800FE3672 /* Base */ = {isa = PBXFileReference; lastKnownFileType = file.storyboard; name = Base; path = Base.lproj/Main.storyboard; sourceTree = "<group>"; };
		CACC74A82354F93800FE3672 /* Info.plist */ = {isa = PBXFileReference; lastKnownFileType = text.plist.xml; path = Info.plist; sourceTree = "<group>"; };
		CACC74A92354F93800FE3672 /* main.m */ = {isa = PBXFileReference; lastKnownFileType = sourcecode.c.objc; path = main.m; sourceTree = "<group>"; };
		CACC74BD2354F9AB00FE3672 /* TransferKitty ShareExtension iOS.appex */ = {isa = PBXFileReference; explicitFileType = "wrapper.app-extension"; includeInIndex = 0; path = "TransferKitty ShareExtension iOS.appex"; sourceTree = BUILT_PRODUCTS_DIR; };
		CACC74BF2354F9AB00FE3672 /* TKViewController.h */ = {isa = PBXFileReference; lastKnownFileType = sourcecode.c.h; path = TKViewController.h; sourceTree = "<group>"; };
		CACC74C02354F9AB00FE3672 /* TKViewController.mm */ = {isa = PBXFileReference; lastKnownFileType = sourcecode.cpp.objcpp; path = TKViewController.mm; sourceTree = "<group>"; };
		CACC74C32354F9AB00FE3672 /* Base */ = {isa = PBXFileReference; lastKnownFileType = file.storyboard; name = Base; path = Base.lproj/MainInterface.storyboard; sourceTree = "<group>"; };
		CACC74C52354F9AB00FE3672 /* Info.plist */ = {isa = PBXFileReference; lastKnownFileType = text.plist.xml; path = Info.plist; sourceTree = "<group>"; };
		CAE7EC44235C4F5A00C4D217 /* Nuklear.metal */ = {isa = PBXFileReference; fileEncoding = 4; lastKnownFileType = sourcecode.metal; path = Nuklear.metal; sourceTree = "<group>"; };
		CAE7EC45235C4F5A00C4D217 /* TKBluetoothCommunicator.m */ = {isa = PBXFileReference; fileEncoding = 4; lastKnownFileType = sourcecode.c.objc; path = TKBluetoothCommunicator.m; sourceTree = "<group>"; };
		CAE7EC46235C4F5A00C4D217 /* AppInput.h */ = {isa = PBXFileReference; fileEncoding = 4; lastKnownFileType = sourcecode.c.h; path = AppInput.h; sourceTree = "<group>"; };
		CAE7EC47235C4F5A00C4D217 /* TKBluetoothCommunicator.h */ = {isa = PBXFileReference; fileEncoding = 4; lastKnownFileType = sourcecode.c.h; path = TKBluetoothCommunicator.h; sourceTree = "<group>"; };
		CAE7EC49235C4F5A00C4D217 /* TKNuklearMetalViewDelegate.h */ = {isa = PBXFileReference; fileEncoding = 4; lastKnownFileType = sourcecode.c.h; path = TKNuklearMetalViewDelegate.h; sourceTree = "<group>"; };
		CAE7EC4A235C4F5A00C4D217 /* TKNuklearMetalViewDelegate.mm */ = {isa = PBXFileReference; fileEncoding = 4; lastKnownFileType = sourcecode.cpp.objcpp; path = TKNuklearMetalViewDelegate.mm; sourceTree = "<group>"; };
		CAE7EC4B235C4F5A00C4D217 /* nuklear.h */ = {isa = PBXFileReference; fileEncoding = 4; lastKnownFileType = sourcecode.c.h; path = nuklear.h; sourceTree = "<group>"; };
		CAE7EC56235C51D800C4D217 /* CoreBluetooth.framework */ = {isa = PBXFileReference; lastKnownFileType = wrapper.framework; name = CoreBluetooth.framework; path = Platforms/iPhoneOS.platform/Developer/SDKs/iPhoneOS12.2.sdk/System/Library/Frameworks/CoreBluetooth.framework; sourceTree = DEVELOPER_DIR; };
		CAE7EC58235C51E100C4D217 /* Metal.framework */ = {isa = PBXFileReference; lastKnownFileType = wrapper.framework; name = Metal.framework; path = Platforms/iPhoneOS.platform/Developer/SDKs/iPhoneOS12.2.sdk/System/Library/Frameworks/Metal.framework; sourceTree = DEVELOPER_DIR; };
		CAE7EC59235C51E100C4D217 /* MetalKit.framework */ = {isa = PBXFileReference; lastKnownFileType = wrapper.framework; name = MetalKit.framework; path = Platforms/iPhoneOS.platform/Developer/SDKs/iPhoneOS12.2.sdk/System/Library/Frameworks/MetalKit.framework; sourceTree = DEVELOPER_DIR; };
		CAE7EC5C235C51EC00C4D217 /* CoreBluetooth.framework */ = {isa = PBXFileReference; lastKnownFileType = wrapper.framework; name = CoreBluetooth.framework; path = System/Library/Frameworks/CoreBluetooth.framework; sourceTree = SDKROOT; };
		CAE7EC5E235C51F400C4D217 /* MetalKit.framework */ = {isa = PBXFileReference; lastKnownFileType = wrapper.framework; name = MetalKit.framework; path = System/Library/Frameworks/MetalKit.framework; sourceTree = SDKROOT; };
		CAE7EC5F235C51F400C4D217 /* Metal.framework */ = {isa = PBXFileReference; lastKnownFileType = wrapper.framework; name = Metal.framework; path = System/Library/Frameworks/Metal.framework; sourceTree = SDKROOT; };
		F919AF5E236E16BA00E9EF75 /* AppKit.framework */ = {isa = PBXFileReference; lastKnownFileType = wrapper.framework; name = AppKit.framework; path = System/Library/Frameworks/AppKit.framework; sourceTree = SDKROOT; };
		F998F723236E312E0025564F /* TransferKitty ShareExtension macOS.appex */ = {isa = PBXFileReference; explicitFileType = "wrapper.app-extension"; includeInIndex = 0; path = "TransferKitty ShareExtension macOS.appex"; sourceTree = BUILT_PRODUCTS_DIR; };
		F998F725236E312E0025564F /* icon.icns */ = {isa = PBXFileReference; lastKnownFileType = image.icns; path = icon.icns; sourceTree = "<group>"; };
		F998F727236E312E0025564F /* TKViewController.h */ = {isa = PBXFileReference; lastKnownFileType = sourcecode.c.h; path = TKViewController.h; sourceTree = "<group>"; };
		F998F728236E312E0025564F /* TKViewController.mm */ = {isa = PBXFileReference; lastKnownFileType = sourcecode.cpp.objcpp; path = TKViewController.mm; sourceTree = "<group>"; };
		F998F72B236E312E0025564F /* Base */ = {isa = PBXFileReference; lastKnownFileType = file.xib; name = Base; path = Base.lproj/Main.xib; sourceTree = "<group>"; };
		F998F72D236E312E0025564F /* Info.plist */ = {isa = PBXFileReference; lastKnownFileType = text.plist.xml; path = Info.plist; sourceTree = "<group>"; };
		F998F72E236E312E0025564F /* TransferKitty.entitlements */ = {isa = PBXFileReference; lastKnownFileType = text.plist.entitlements; path = TransferKitty.entitlements; sourceTree = "<group>"; };
		F998F740236E3DD60025564F /* QuartzCore.framework */ = {isa = PBXFileReference; lastKnownFileType = wrapper.framework; name = QuartzCore.framework; path = System/Library/Frameworks/QuartzCore.framework; sourceTree = SDKROOT; };
		F998F7832385E6450025564F /* TKUIStatePopulator.h */ = {isa = PBXFileReference; explicitFileType = sourcecode.cpp.h; fileEncoding = 4; path = TKUIStatePopulator.h; sourceTree = "<group>"; };
		F998F7842385E6450025564F /* TKIUIState.h */ = {isa = PBXFileReference; explicitFileType = sourcecode.cpp.h; fileEncoding = 4; path = TKIUIState.h; sourceTree = "<group>"; };
		F998F7852385EA500025564F /* TKUIStatePopulator.cpp */ = {isa = PBXFileReference; fileEncoding = 4; lastKnownFileType = sourcecode.cpp.cpp; path = TKUIStatePopulator.cpp; sourceTree = "<group>"; };
		F998F78A2385ED8A0025564F /* TKNuklearConfig.h */ = {isa = PBXFileReference; fileEncoding = 4; lastKnownFileType = sourcecode.c.h; path = TKNuklearConfig.h; sourceTree = "<group>"; };
		F998F78B238736960025564F /* TKApp.mm */ = {isa = PBXFileReference; fileEncoding = 4; lastKnownFileType = sourcecode.cpp.objcpp; path = TKApp.mm; sourceTree = "<group>"; };
		F998F78C238736960025564F /* TKApp.h */ = {isa = PBXFileReference; fileEncoding = 4; lastKnownFileType = sourcecode.c.h; path = TKApp.h; sourceTree = "<group>"; };
		F998F79123873F890025564F /* TKConfig.h */ = {isa = PBXFileReference; fileEncoding = 4; lastKnownFileType = sourcecode.c.h; path = TKConfig.h; sourceTree = "<group>"; };
		F998F79223A70CF90025564F /* TKBlurHash.h */ = {isa = PBXFileReference; fileEncoding = 4; lastKnownFileType = sourcecode.c.h; path = TKBlurHash.h; sourceTree = "<group>"; };
		F998F79323A70CF90025564F /* TKBlurHash.cpp */ = {isa = PBXFileReference; fileEncoding = 4; lastKnownFileType = sourcecode.cpp.cpp; path = TKBlurHash.cpp; sourceTree = "<group>"; };
		F998F79823A84B5D0025564F /* stb_image_resize.h */ = {isa = PBXFileReference; fileEncoding = 4; lastKnownFileType = sourcecode.c.h; path = stb_image_resize.h; sourceTree = "<group>"; };
		F998F79923A84B5D0025564F /* stb_image_write.h */ = {isa = PBXFileReference; fileEncoding = 4; lastKnownFileType = sourcecode.c.h; path = stb_image_write.h; sourceTree = "<group>"; };
		F998F79A23A84B5D0025564F /* stb_image.h */ = {isa = PBXFileReference; fileEncoding = 4; lastKnownFileType = sourcecode.c.h; path = stb_image.h; sourceTree = "<group>"; };
/* End PBXFileReference section */

/* Begin PBXFrameworksBuildPhase section */
		CACC74842354F93800FE3672 /* Frameworks */ = {
			isa = PBXFrameworksBuildPhase;
			buildActionMask = 2147483647;
			files = (
				CAE7EC5A235C51E100C4D217 /* Metal.framework in Frameworks */,
				CAE7EC5B235C51E100C4D217 /* MetalKit.framework in Frameworks */,
				CAE7EC57235C51D800C4D217 /* CoreBluetooth.framework in Frameworks */,
			);
			runOnlyForDeploymentPostprocessing = 0;
		};
		CACC749A2354F93800FE3672 /* Frameworks */ = {
			isa = PBXFrameworksBuildPhase;
			buildActionMask = 2147483647;
			files = (
				CAE7EC60235C51F400C4D217 /* MetalKit.framework in Frameworks */,
				CAE7EC61235C51F400C4D217 /* Metal.framework in Frameworks */,
				CAE7EC5D235C51EC00C4D217 /* CoreBluetooth.framework in Frameworks */,
			);
			runOnlyForDeploymentPostprocessing = 0;
		};
		CACC74BA2354F9AB00FE3672 /* Frameworks */ = {
			isa = PBXFrameworksBuildPhase;
			buildActionMask = 2147483647;
			files = (
				CAE7EC63235C520400C4D217 /* Metal.framework in Frameworks */,
				CAE7EC64235C520400C4D217 /* MetalKit.framework in Frameworks */,
				CAE7EC62235C51FE00C4D217 /* CoreBluetooth.framework in Frameworks */,
			);
			runOnlyForDeploymentPostprocessing = 0;
		};
		F998F720236E312E0025564F /* Frameworks */ = {
			isa = PBXFrameworksBuildPhase;
			buildActionMask = 2147483647;
			files = (
				F998F741236E3DD60025564F /* QuartzCore.framework in Frameworks */,
				F998F73A236E359F0025564F /* CoreBluetooth.framework in Frameworks */,
				F998F73C236E35A40025564F /* MetalKit.framework in Frameworks */,
				F998F73B236E35A40025564F /* Metal.framework in Frameworks */,
				F998F739236E359A0025564F /* AppKit.framework in Frameworks */,
			);
			runOnlyForDeploymentPostprocessing = 0;
		};
/* End PBXFrameworksBuildPhase section */

/* Begin PBXGroup section */
		CACC74782354F93500FE3672 = {
			isa = PBXGroup;
			children = (
				CACC747D2354F93500FE3672 /* TransferKitty Shared */,
				CACC74892354F93800FE3672 /* TransferKitty iOS */,
				CACC749E2354F93800FE3672 /* TransferKitty macOS */,
				CACC74BE2354F9AB00FE3672 /* TransferKitty ShareExtension iOS */,
				F998F724236E312E0025564F /* TransferKitty ShareExtension macOS */,
				CACC74882354F93800FE3672 /* Products */,
				CAE7EC55235C51D800C4D217 /* Frameworks */,
			);
			sourceTree = "<group>";
		};
		CACC747D2354F93500FE3672 /* TransferKitty Shared */ = {
			isa = PBXGroup;
			children = (
				CACC74822354F93800FE3672 /* Assets.xcassets */,
				F998F79823A84B5D0025564F /* stb_image_resize.h */,
				F998F79923A84B5D0025564F /* stb_image_write.h */,
				F998F79A23A84B5D0025564F /* stb_image.h */,
				F998F79323A70CF90025564F /* TKBlurHash.cpp */,
				F998F79223A70CF90025564F /* TKBlurHash.h */,
				F998F79123873F890025564F /* TKConfig.h */,
				CAE7EC46235C4F5A00C4D217 /* AppInput.h */,
				CAE7EC4B235C4F5A00C4D217 /* nuklear.h */,
				CAE7EC44235C4F5A00C4D217 /* Nuklear.metal */,
				F998F78C238736960025564F /* TKApp.h */,
				F998F78B238736960025564F /* TKApp.mm */,
				CAE7EC47235C4F5A00C4D217 /* TKBluetoothCommunicator.h */,
				CAE7EC45235C4F5A00C4D217 /* TKBluetoothCommunicator.m */,
				F998F7842385E6450025564F /* TKIUIState.h */,
				F998F78A2385ED8A0025564F /* TKNuklearConfig.h */,
				CAE7EC49235C4F5A00C4D217 /* TKNuklearMetalViewDelegate.h */,
				CAE7EC4A235C4F5A00C4D217 /* TKNuklearMetalViewDelegate.mm */,
				F998F7852385EA500025564F /* TKUIStatePopulator.cpp */,
				F998F7832385E6450025564F /* TKUIStatePopulator.h */,
			);
			path = "TransferKitty Shared";
			sourceTree = "<group>";
		};
		CACC74882354F93800FE3672 /* Products */ = {
			isa = PBXGroup;
			children = (
				CACC74872354F93800FE3672 /* TransferKitty.app */,
				CACC749D2354F93800FE3672 /* TransferKitty.app */,
				CACC74BD2354F9AB00FE3672 /* TransferKitty ShareExtension iOS.appex */,
				F998F723236E312E0025564F /* TransferKitty ShareExtension macOS.appex */,
			);
			name = Products;
			sourceTree = "<group>";
		};
		CACC74892354F93800FE3672 /* TransferKitty iOS */ = {
			isa = PBXGroup;
			children = (
				CACC748A2354F93800FE3672 /* AppDelegate.h */,
				CACC748B2354F93800FE3672 /* AppDelegate.m */,
				CACC748D2354F93800FE3672 /* TKViewController.h */,
				CACC748E2354F93800FE3672 /* TKViewController.mm */,
				CACC74902354F93800FE3672 /* Main.storyboard */,
				CACC74932354F93800FE3672 /* LaunchScreen.storyboard */,
				CACC74962354F93800FE3672 /* Info.plist */,
				CACC74972354F93800FE3672 /* main.m */,
			);
			path = "TransferKitty iOS";
			sourceTree = "<group>";
		};
		CACC749E2354F93800FE3672 /* TransferKitty macOS */ = {
			isa = PBXGroup;
			children = (
				CACC749F2354F93800FE3672 /* AppDelegate.h */,
				CACC74A02354F93800FE3672 /* AppDelegate.m */,
				CACC74A22354F93800FE3672 /* TKViewController.h */,
				CACC74A32354F93800FE3672 /* TKViewController.mm */,
				CACC74A52354F93800FE3672 /* Main.storyboard */,
				CACC74A82354F93800FE3672 /* Info.plist */,
				CACC74A92354F93800FE3672 /* main.m */,
			);
			path = "TransferKitty macOS";
			sourceTree = "<group>";
		};
		CACC74BE2354F9AB00FE3672 /* TransferKitty ShareExtension iOS */ = {
			isa = PBXGroup;
			children = (
				CACC74BF2354F9AB00FE3672 /* TKViewController.h */,
				CACC74C02354F9AB00FE3672 /* TKViewController.mm */,
				CACC74C22354F9AB00FE3672 /* MainInterface.storyboard */,
				CACC74C52354F9AB00FE3672 /* Info.plist */,
			);
			path = "TransferKitty ShareExtension iOS";
			sourceTree = "<group>";
		};
		CAE7EC55235C51D800C4D217 /* Frameworks */ = {
			isa = PBXGroup;
			children = (
				F998F740236E3DD60025564F /* QuartzCore.framework */,
				F919AF5E236E16BA00E9EF75 /* AppKit.framework */,
				CAE7EC5F235C51F400C4D217 /* Metal.framework */,
				CAE7EC5E235C51F400C4D217 /* MetalKit.framework */,
				CAE7EC5C235C51EC00C4D217 /* CoreBluetooth.framework */,
				CAE7EC58235C51E100C4D217 /* Metal.framework */,
				CAE7EC59235C51E100C4D217 /* MetalKit.framework */,
				CAE7EC56235C51D800C4D217 /* CoreBluetooth.framework */,
			);
			name = Frameworks;
			sourceTree = "<group>";
		};
		F998F724236E312E0025564F /* TransferKitty ShareExtension macOS */ = {
			isa = PBXGroup;
			children = (
				F998F725236E312E0025564F /* icon.icns */,
				F998F727236E312E0025564F /* TKViewController.h */,
				F998F728236E312E0025564F /* TKViewController.mm */,
				F998F72A236E312E0025564F /* Main.xib */,
				F998F72D236E312E0025564F /* Info.plist */,
				F998F72E236E312E0025564F /* TransferKitty.entitlements */,
			);
			path = "TransferKitty ShareExtension macOS";
			sourceTree = "<group>";
		};
/* End PBXGroup section */

/* Begin PBXNativeTarget section */
		CACC74862354F93800FE3672 /* TransferKitty iOS */ = {
			isa = PBXNativeTarget;
			buildConfigurationList = CACC74B32354F93800FE3672 /* Build configuration list for PBXNativeTarget "TransferKitty iOS" */;
			buildPhases = (
				CACC74832354F93800FE3672 /* Sources */,
				CACC74842354F93800FE3672 /* Frameworks */,
				CACC74852354F93800FE3672 /* Resources */,
				CACC74CC2354F9AB00FE3672 /* Embed App Extensions */,
			);
			buildRules = (
			);
			dependencies = (
				CACC74C72354F9AB00FE3672 /* PBXTargetDependency */,
			);
			name = "TransferKitty iOS";
			productName = "TransferKitty iOS";
			productReference = CACC74872354F93800FE3672 /* TransferKitty.app */;
			productType = "com.apple.product-type.application";
		};
		CACC749C2354F93800FE3672 /* TransferKitty macOS */ = {
			isa = PBXNativeTarget;
			buildConfigurationList = CACC74B62354F93800FE3672 /* Build configuration list for PBXNativeTarget "TransferKitty macOS" */;
			buildPhases = (
				CACC74992354F93800FE3672 /* Sources */,
				CACC749A2354F93800FE3672 /* Frameworks */,
				CACC749B2354F93800FE3672 /* Resources */,
				F919AF57236E055900E9EF75 /* Embed App Extensions */,
			);
			buildRules = (
			);
			dependencies = (
				F998F730236E312E0025564F /* PBXTargetDependency */,
			);
			name = "TransferKitty macOS";
			productName = "TransferKitty macOS";
			productReference = CACC749D2354F93800FE3672 /* TransferKitty.app */;
			productType = "com.apple.product-type.application";
		};
		CACC74BC2354F9AB00FE3672 /* TransferKitty ShareExtension iOS */ = {
			isa = PBXNativeTarget;
			buildConfigurationList = CACC74C92354F9AB00FE3672 /* Build configuration list for PBXNativeTarget "TransferKitty ShareExtension iOS" */;
			buildPhases = (
				CACC74B92354F9AB00FE3672 /* Sources */,
				CACC74BA2354F9AB00FE3672 /* Frameworks */,
				CACC74BB2354F9AB00FE3672 /* Resources */,
			);
			buildRules = (
			);
			dependencies = (
			);
			name = "TransferKitty ShareExtension iOS";
			productName = TransferKittyShareExtension;
			productReference = CACC74BD2354F9AB00FE3672 /* TransferKitty ShareExtension iOS.appex */;
			productType = "com.apple.product-type.app-extension";
		};
		F998F722236E312E0025564F /* TransferKitty ShareExtension macOS */ = {
			isa = PBXNativeTarget;
			buildConfigurationList = F998F732236E312E0025564F /* Build configuration list for PBXNativeTarget "TransferKitty ShareExtension macOS" */;
			buildPhases = (
				F998F71F236E312E0025564F /* Sources */,
				F998F720236E312E0025564F /* Frameworks */,
				F998F721236E312E0025564F /* Resources */,
			);
			buildRules = (
			);
			dependencies = (
			);
			name = "TransferKitty ShareExtension macOS";
			productName = "TransferKitty ShareExtension macOS";
			productReference = F998F723236E312E0025564F /* TransferKitty ShareExtension macOS.appex */;
			productType = "com.apple.product-type.app-extension";
		};
/* End PBXNativeTarget section */

/* Begin PBXProject section */
		CACC74792354F93500FE3672 /* Project object */ = {
			isa = PBXProject;
			attributes = {
				LastUpgradeCheck = 1020;
				ORGANIZATIONNAME = vserhiienko;
				TargetAttributes = {
					CACC74862354F93800FE3672 = {
						CreatedOnToolsVersion = 10.2;
					};
					CACC749C2354F93800FE3672 = {
						CreatedOnToolsVersion = 10.2;
					};
					CACC74BC2354F9AB00FE3672 = {
						CreatedOnToolsVersion = 10.2;
					};
					F998F722236E312E0025564F = {
						CreatedOnToolsVersion = 11.1;
					};
				};
			};
			buildConfigurationList = CACC747C2354F93500FE3672 /* Build configuration list for PBXProject "TransferKitty" */;
			compatibilityVersion = "Xcode 9.3";
			developmentRegion = en;
			hasScannedForEncodings = 0;
			knownRegions = (
				en,
				Base,
			);
			mainGroup = CACC74782354F93500FE3672;
			productRefGroup = CACC74882354F93800FE3672 /* Products */;
			projectDirPath = "";
			projectRoot = "";
			targets = (
				CACC74862354F93800FE3672 /* TransferKitty iOS */,
				CACC749C2354F93800FE3672 /* TransferKitty macOS */,
				CACC74BC2354F9AB00FE3672 /* TransferKitty ShareExtension iOS */,
				F998F722236E312E0025564F /* TransferKitty ShareExtension macOS */,
			);
		};
/* End PBXProject section */

/* Begin PBXResourcesBuildPhase section */
		CACC74852354F93800FE3672 /* Resources */ = {
			isa = PBXResourcesBuildPhase;
			buildActionMask = 2147483647;
			files = (
				CACC74922354F93800FE3672 /* Main.storyboard in Resources */,
				CACC74AF2354F93800FE3672 /* Assets.xcassets in Resources */,
				CACC74952354F93800FE3672 /* LaunchScreen.storyboard in Resources */,
			);
			runOnlyForDeploymentPostprocessing = 0;
		};
		CACC749B2354F93800FE3672 /* Resources */ = {
			isa = PBXResourcesBuildPhase;
			buildActionMask = 2147483647;
			files = (
				CACC74B02354F93800FE3672 /* Assets.xcassets in Resources */,
				F919AF64236E1A8E00E9EF75 /* Main.storyboard in Resources */,
			);
			runOnlyForDeploymentPostprocessing = 0;
		};
		CACC74BB2354F9AB00FE3672 /* Resources */ = {
			isa = PBXResourcesBuildPhase;
			buildActionMask = 2147483647;
			files = (
				CACC74CD2354FC5400FE3672 /* Assets.xcassets in Resources */,
				CACC74C42354F9AB00FE3672 /* MainInterface.storyboard in Resources */,
			);
			runOnlyForDeploymentPostprocessing = 0;
		};
		F998F721236E312E0025564F /* Resources */ = {
			isa = PBXResourcesBuildPhase;
			buildActionMask = 2147483647;
			files = (
				F998F72C236E312E0025564F /* Main.xib in Resources */,
				F998F735236E348C0025564F /* Assets.xcassets in Resources */,
				F998F726236E312E0025564F /* icon.icns in Resources */,
			);
			runOnlyForDeploymentPostprocessing = 0;
		};
/* End PBXResourcesBuildPhase section */

/* Begin PBXSourcesBuildPhase section */
		CACC74832354F93800FE3672 /* Sources */ = {
			isa = PBXSourcesBuildPhase;
			buildActionMask = 2147483647;
			files = (
				F998F78D238736960025564F /* TKApp.mm in Sources */,
				CACC748F2354F93800FE3672 /* TKViewController.mm in Sources */,
				F998F7862385EA500025564F /* TKUIStatePopulator.cpp in Sources */,
				CAE7EC4C235C4F5A00C4D217 /* Nuklear.metal in Sources */,
				CACC74982354F93800FE3672 /* main.m in Sources */,
				F998F79423A70CF90025564F /* TKBlurHash.cpp in Sources */,
				CAE7EC52235C4F5A00C4D217 /* TKNuklearMetalViewDelegate.mm in Sources */,
				CACC748C2354F93800FE3672 /* AppDelegate.m in Sources */,
				CAE7EC4F235C4F5A00C4D217 /* TKBluetoothCommunicator.m in Sources */,
			);
			runOnlyForDeploymentPostprocessing = 0;
		};
		CACC74992354F93800FE3672 /* Sources */ = {
			isa = PBXSourcesBuildPhase;
			buildActionMask = 2147483647;
			files = (
				F998F78E238736960025564F /* TKApp.mm in Sources */,
				CACC74A42354F93800FE3672 /* TKViewController.mm in Sources */,
				F998F7872385EA500025564F /* TKUIStatePopulator.cpp in Sources */,
				CAE7EC4D235C4F5A00C4D217 /* Nuklear.metal in Sources */,
				CACC74AA2354F93800FE3672 /* main.m in Sources */,
				F998F79523A70CF90025564F /* TKBlurHash.cpp in Sources */,
				CAE7EC53235C4F5A00C4D217 /* TKNuklearMetalViewDelegate.mm in Sources */,
				CACC74A12354F93800FE3672 /* AppDelegate.m in Sources */,
				CAE7EC50235C4F5A00C4D217 /* TKBluetoothCommunicator.m in Sources */,
			);
			runOnlyForDeploymentPostprocessing = 0;
		};
		CACC74B92354F9AB00FE3672 /* Sources */ = {
			isa = PBXSourcesBuildPhase;
			buildActionMask = 2147483647;
			files = (
				F998F79623A70CF90025564F /* TKBlurHash.cpp in Sources */,
				CAE7EC54235C4F5A00C4D217 /* TKNuklearMetalViewDelegate.mm in Sources */,
				CAE7EC4E235C4F5A00C4D217 /* Nuklear.metal in Sources */,
				F998F78F238736960025564F /* TKApp.mm in Sources */,
				CAE7EC51235C4F5A00C4D217 /* TKBluetoothCommunicator.m in Sources */,
				F998F7882385EA500025564F /* TKUIStatePopulator.cpp in Sources */,
				CACC74C12354F9AB00FE3672 /* TKViewController.mm in Sources */,
			);
			runOnlyForDeploymentPostprocessing = 0;
		};
		F998F71F236E312E0025564F /* Sources */ = {
			isa = PBXSourcesBuildPhase;
			buildActionMask = 2147483647;
			files = (
				F998F79723A70CF90025564F /* TKBlurHash.cpp in Sources */,
				F998F738236E348C0025564F /* Nuklear.metal in Sources */,
				F998F736236E348C0025564F /* TKBluetoothCommunicator.m in Sources */,
				F998F790238736960025564F /* TKApp.mm in Sources */,
				F998F737236E348C0025564F /* TKNuklearMetalViewDelegate.mm in Sources */,
				F998F7892385EA500025564F /* TKUIStatePopulator.cpp in Sources */,
				F998F729236E312E0025564F /* TKViewController.mm in Sources */,
			);
			runOnlyForDeploymentPostprocessing = 0;
		};
/* End PBXSourcesBuildPhase section */

/* Begin PBXTargetDependency section */
		CACC74C72354F9AB00FE3672 /* PBXTargetDependency */ = {
			isa = PBXTargetDependency;
			target = CACC74BC2354F9AB00FE3672 /* TransferKitty ShareExtension iOS */;
			targetProxy = CACC74C62354F9AB00FE3672 /* PBXContainerItemProxy */;
		};
		F998F730236E312E0025564F /* PBXTargetDependency */ = {
			isa = PBXTargetDependency;
			target = F998F722236E312E0025564F /* TransferKitty ShareExtension macOS */;
			targetProxy = F998F72F236E312E0025564F /* PBXContainerItemProxy */;
		};
/* End PBXTargetDependency section */

/* Begin PBXVariantGroup section */
		CACC74902354F93800FE3672 /* Main.storyboard */ = {
			isa = PBXVariantGroup;
			children = (
				CACC74912354F93800FE3672 /* Base */,
			);
			name = Main.storyboard;
			sourceTree = "<group>";
		};
		CACC74932354F93800FE3672 /* LaunchScreen.storyboard */ = {
			isa = PBXVariantGroup;
			children = (
				CACC74942354F93800FE3672 /* Base */,
			);
			name = LaunchScreen.storyboard;
			sourceTree = "<group>";
		};
		CACC74A52354F93800FE3672 /* Main.storyboard */ = {
			isa = PBXVariantGroup;
			children = (
				CACC74A62354F93800FE3672 /* Base */,
			);
			name = Main.storyboard;
			sourceTree = "<group>";
		};
		CACC74C22354F9AB00FE3672 /* MainInterface.storyboard */ = {
			isa = PBXVariantGroup;
			children = (
				CACC74C32354F9AB00FE3672 /* Base */,
			);
			name = MainInterface.storyboard;
			sourceTree = "<group>";
		};
		F998F72A236E312E0025564F /* Main.xib */ = {
			isa = PBXVariantGroup;
			children = (
				F998F72B236E312E0025564F /* Base */,
			);
			name = Main.xib;
			sourceTree = "<group>";
		};
/* End PBXVariantGroup section */

/* Begin XCBuildConfiguration section */
		CACC74B12354F93800FE3672 /* Debug */ = {
			isa = XCBuildConfiguration;
			buildSettings = {
				ALWAYS_SEARCH_USER_PATHS = NO;
				CLANG_ANALYZER_NONNULL = YES;
				CLANG_ANALYZER_NUMBER_OBJECT_CONVERSION = YES_AGGRESSIVE;
				CLANG_CXX_LANGUAGE_STANDARD = "gnu++14";
				CLANG_CXX_LIBRARY = "libc++";
				CLANG_ENABLE_MODULES = YES;
				CLANG_ENABLE_OBJC_ARC = YES;
				CLANG_ENABLE_OBJC_WEAK = YES;
				CLANG_WARN_BLOCK_CAPTURE_AUTORELEASING = YES;
				CLANG_WARN_BOOL_CONVERSION = YES;
				CLANG_WARN_COMMA = YES;
				CLANG_WARN_CONSTANT_CONVERSION = YES;
				CLANG_WARN_DEPRECATED_OBJC_IMPLEMENTATIONS = YES;
				CLANG_WARN_DIRECT_OBJC_ISA_USAGE = YES_ERROR;
				CLANG_WARN_DOCUMENTATION_COMMENTS = YES;
				CLANG_WARN_EMPTY_BODY = YES;
				CLANG_WARN_ENUM_CONVERSION = YES;
				CLANG_WARN_INFINITE_RECURSION = YES;
				CLANG_WARN_INT_CONVERSION = YES;
				CLANG_WARN_NON_LITERAL_NULL_CONVERSION = YES;
				CLANG_WARN_OBJC_IMPLICIT_RETAIN_SELF = YES;
				CLANG_WARN_OBJC_LITERAL_CONVERSION = YES;
				CLANG_WARN_OBJC_ROOT_CLASS = YES_ERROR;
				CLANG_WARN_RANGE_LOOP_ANALYSIS = YES;
				CLANG_WARN_STRICT_PROTOTYPES = YES;
				CLANG_WARN_SUSPICIOUS_MOVE = YES;
				CLANG_WARN_UNGUARDED_AVAILABILITY = YES_AGGRESSIVE;
				CLANG_WARN_UNREACHABLE_CODE = YES;
				CLANG_WARN__DUPLICATE_METHOD_MATCH = YES;
				COPY_PHASE_STRIP = NO;
				DEBUG_INFORMATION_FORMAT = dwarf;
				ENABLE_STRICT_OBJC_MSGSEND = YES;
				ENABLE_TESTABILITY = YES;
				GCC_C_LANGUAGE_STANDARD = gnu11;
				GCC_DYNAMIC_NO_PIC = NO;
				GCC_NO_COMMON_BLOCKS = YES;
				GCC_OPTIMIZATION_LEVEL = 0;
				GCC_PREPROCESSOR_DEFINITIONS = (
					"DEBUG=1",
					"$(inherited)",
				);
				GCC_WARN_64_TO_32_BIT_CONVERSION = YES;
				GCC_WARN_ABOUT_RETURN_TYPE = YES_ERROR;
				GCC_WARN_UNDECLARED_SELECTOR = YES;
				GCC_WARN_UNINITIALIZED_AUTOS = YES_AGGRESSIVE;
				GCC_WARN_UNUSED_FUNCTION = YES;
				GCC_WARN_UNUSED_VARIABLE = YES;
				MTL_ENABLE_DEBUG_INFO = INCLUDE_SOURCE;
				MTL_FAST_MATH = YES;
				ONLY_ACTIVE_ARCH = YES;
			};
			name = Debug;
		};
		CACC74B22354F93800FE3672 /* Release */ = {
			isa = XCBuildConfiguration;
			buildSettings = {
				ALWAYS_SEARCH_USER_PATHS = NO;
				CLANG_ANALYZER_NONNULL = YES;
				CLANG_ANALYZER_NUMBER_OBJECT_CONVERSION = YES_AGGRESSIVE;
				CLANG_CXX_LANGUAGE_STANDARD = "gnu++14";
				CLANG_CXX_LIBRARY = "libc++";
				CLANG_ENABLE_MODULES = YES;
				CLANG_ENABLE_OBJC_ARC = YES;
				CLANG_ENABLE_OBJC_WEAK = YES;
				CLANG_WARN_BLOCK_CAPTURE_AUTORELEASING = YES;
				CLANG_WARN_BOOL_CONVERSION = YES;
				CLANG_WARN_COMMA = YES;
				CLANG_WARN_CONSTANT_CONVERSION = YES;
				CLANG_WARN_DEPRECATED_OBJC_IMPLEMENTATIONS = YES;
				CLANG_WARN_DIRECT_OBJC_ISA_USAGE = YES_ERROR;
				CLANG_WARN_DOCUMENTATION_COMMENTS = YES;
				CLANG_WARN_EMPTY_BODY = YES;
				CLANG_WARN_ENUM_CONVERSION = YES;
				CLANG_WARN_INFINITE_RECURSION = YES;
				CLANG_WARN_INT_CONVERSION = YES;
				CLANG_WARN_NON_LITERAL_NULL_CONVERSION = YES;
				CLANG_WARN_OBJC_IMPLICIT_RETAIN_SELF = YES;
				CLANG_WARN_OBJC_LITERAL_CONVERSION = YES;
				CLANG_WARN_OBJC_ROOT_CLASS = YES_ERROR;
				CLANG_WARN_RANGE_LOOP_ANALYSIS = YES;
				CLANG_WARN_STRICT_PROTOTYPES = YES;
				CLANG_WARN_SUSPICIOUS_MOVE = YES;
				CLANG_WARN_UNGUARDED_AVAILABILITY = YES_AGGRESSIVE;
				CLANG_WARN_UNREACHABLE_CODE = YES;
				CLANG_WARN__DUPLICATE_METHOD_MATCH = YES;
				COPY_PHASE_STRIP = NO;
				DEBUG_INFORMATION_FORMAT = "dwarf-with-dsym";
				ENABLE_NS_ASSERTIONS = NO;
				ENABLE_STRICT_OBJC_MSGSEND = YES;
				GCC_C_LANGUAGE_STANDARD = gnu11;
				GCC_NO_COMMON_BLOCKS = YES;
				GCC_WARN_64_TO_32_BIT_CONVERSION = YES;
				GCC_WARN_ABOUT_RETURN_TYPE = YES_ERROR;
				GCC_WARN_UNDECLARED_SELECTOR = YES;
				GCC_WARN_UNINITIALIZED_AUTOS = YES_AGGRESSIVE;
				GCC_WARN_UNUSED_FUNCTION = YES;
				GCC_WARN_UNUSED_VARIABLE = YES;
				MTL_ENABLE_DEBUG_INFO = NO;
				MTL_FAST_MATH = YES;
			};
			name = Release;
		};
		CACC74B42354F93800FE3672 /* Debug */ = {
			isa = XCBuildConfiguration;
			buildSettings = {
				ASSETCATALOG_COMPILER_APPICON_NAME = AppIcon;
				CODE_SIGN_IDENTITY = "iPhone Developer";
				CODE_SIGN_STYLE = Automatic;
				DEVELOPMENT_TEAM = CP4Y4M4WP5;
				INFOPLIST_FILE = "$(SRCROOT)/TransferKitty iOS/Info.plist";
				IPHONEOS_DEPLOYMENT_TARGET = 12.2;
				LD_RUNPATH_SEARCH_PATHS = (
					"$(inherited)",
					"@executable_path/Frameworks",
				);
				PRODUCT_BUNDLE_IDENTIFIER = vserhiienko.TransferKitty;
				PRODUCT_NAME = TransferKitty;
				SDKROOT = iphoneos;
				TARGETED_DEVICE_FAMILY = "1,2";
			};
			name = Debug;
		};
		CACC74B52354F93800FE3672 /* Release */ = {
			isa = XCBuildConfiguration;
			buildSettings = {
				ASSETCATALOG_COMPILER_APPICON_NAME = AppIcon;
				CODE_SIGN_IDENTITY = "iPhone Developer";
				CODE_SIGN_STYLE = Automatic;
				DEVELOPMENT_TEAM = CP4Y4M4WP5;
				INFOPLIST_FILE = "$(SRCROOT)/TransferKitty iOS/Info.plist";
				IPHONEOS_DEPLOYMENT_TARGET = 12.2;
				LD_RUNPATH_SEARCH_PATHS = (
					"$(inherited)",
					"@executable_path/Frameworks",
				);
				PRODUCT_BUNDLE_IDENTIFIER = vserhiienko.TransferKitty;
				PRODUCT_NAME = TransferKitty;
				SDKROOT = iphoneos;
				TARGETED_DEVICE_FAMILY = "1,2";
				VALIDATE_PRODUCT = YES;
			};
			name = Release;
		};
		CACC74B72354F93800FE3672 /* Debug */ = {
			isa = XCBuildConfiguration;
			buildSettings = {
				ASSETCATALOG_COMPILER_APPICON_NAME = AppIcon;
				CODE_SIGN_IDENTITY = "-";
				CODE_SIGN_STYLE = Automatic;
				COMBINE_HIDPI_IMAGES = YES;
				DEVELOPMENT_TEAM = CP4Y4M4WP5;
				INFOPLIST_FILE = "$(SRCROOT)/TransferKitty macOS/Info.plist";
				LD_RUNPATH_SEARCH_PATHS = (
					"$(inherited)",
					"@executable_path/../Frameworks",
				);
				MACOSX_DEPLOYMENT_TARGET = 10.14;
				PRODUCT_BUNDLE_IDENTIFIER = vserhiienko.TransferKitty;
				PRODUCT_NAME = TransferKitty;
				SDKROOT = macosx;
			};
			name = Debug;
		};
		CACC74B82354F93800FE3672 /* Release */ = {
			isa = XCBuildConfiguration;
			buildSettings = {
				ASSETCATALOG_COMPILER_APPICON_NAME = AppIcon;
				CODE_SIGN_IDENTITY = "-";
				CODE_SIGN_STYLE = Automatic;
				COMBINE_HIDPI_IMAGES = YES;
				DEVELOPMENT_TEAM = CP4Y4M4WP5;
				INFOPLIST_FILE = "$(SRCROOT)/TransferKitty macOS/Info.plist";
				LD_RUNPATH_SEARCH_PATHS = (
					"$(inherited)",
					"@executable_path/../Frameworks",
				);
				MACOSX_DEPLOYMENT_TARGET = 10.14;
				PRODUCT_BUNDLE_IDENTIFIER = vserhiienko.TransferKitty;
				PRODUCT_NAME = TransferKitty;
				SDKROOT = macosx;
			};
			name = Release;
		};
		CACC74CA2354F9AB00FE3672 /* Debug */ = {
			isa = XCBuildConfiguration;
			buildSettings = {
				CODE_SIGN_IDENTITY = "iPhone Developer";
				CODE_SIGN_STYLE = Automatic;
				DEVELOPMENT_TEAM = CP4Y4M4WP5;
				INFOPLIST_FILE = "$(SRCROOT)/TransferKitty ShareExtension iOS/Info.plist";
				IPHONEOS_DEPLOYMENT_TARGET = 12.2;
				LD_RUNPATH_SEARCH_PATHS = (
					"$(inherited)",
					"@executable_path/Frameworks",
					"@executable_path/../../Frameworks",
				);
				PRODUCT_BUNDLE_IDENTIFIER = vserhiienko.TransferKitty.ShareExtension.iOS;
				PRODUCT_NAME = "$(TARGET_NAME)";
				SDKROOT = iphoneos;
				SKIP_INSTALL = YES;
				TARGETED_DEVICE_FAMILY = "1,2";
			};
			name = Debug;
		};
		CACC74CB2354F9AB00FE3672 /* Release */ = {
			isa = XCBuildConfiguration;
			buildSettings = {
				CODE_SIGN_IDENTITY = "iPhone Developer";
				CODE_SIGN_STYLE = Automatic;
				DEVELOPMENT_TEAM = CP4Y4M4WP5;
				INFOPLIST_FILE = "$(SRCROOT)/TransferKitty ShareExtension iOS/Info.plist";
				IPHONEOS_DEPLOYMENT_TARGET = 12.2;
				LD_RUNPATH_SEARCH_PATHS = (
					"$(inherited)",
					"@executable_path/Frameworks",
					"@executable_path/../../Frameworks",
				);
				PRODUCT_BUNDLE_IDENTIFIER = vserhiienko.TransferKitty.ShareExtension.iOS;
				PRODUCT_NAME = "$(TARGET_NAME)";
				SDKROOT = iphoneos;
				SKIP_INSTALL = YES;
				TARGETED_DEVICE_FAMILY = "1,2";
				VALIDATE_PRODUCT = YES;
			};
			name = Release;
		};
		F998F733236E312E0025564F /* Debug */ = {
			isa = XCBuildConfiguration;
			buildSettings = {
				ASSETCATALOG_COMPILER_APPICON_NAME = AppIcon;
				CODE_SIGN_ENTITLEMENTS = "TransferKitty ShareExtension macOS/TransferKitty.entitlements";
				CODE_SIGN_IDENTITY = "-";
				CODE_SIGN_STYLE = Automatic;
				COMBINE_HIDPI_IMAGES = YES;
				DEVELOPMENT_TEAM = CP4Y4M4WP5;
				ENABLE_HARDENED_RUNTIME = YES;
				INFOPLIST_FILE = "$(SRCROOT)/TransferKitty ShareExtension macOS/Info.plist";
				LD_RUNPATH_SEARCH_PATHS = (
					"$(inherited)",
					"@executable_path/../Frameworks",
					"@executable_path/../../../../Frameworks",
				);
				MACOSX_DEPLOYMENT_TARGET = 10.14;
				PRODUCT_BUNDLE_IDENTIFIER = vserhiienko.TransferKitty.ShareExtension.macOS;
				PRODUCT_NAME = "$(TARGET_NAME)";
				SDKROOT = macosx;
				SKIP_INSTALL = YES;
			};
			name = Debug;
		};
		F998F734236E312E0025564F /* Release */ = {
			isa = XCBuildConfiguration;
			buildSettings = {
				ASSETCATALOG_COMPILER_APPICON_NAME = AppIcon;
				CODE_SIGN_ENTITLEMENTS = "TransferKitty ShareExtension macOS/TransferKitty.entitlements";
				CODE_SIGN_IDENTITY = "-";
				CODE_SIGN_STYLE = Automatic;
				COMBINE_HIDPI_IMAGES = YES;
				DEVELOPMENT_TEAM = CP4Y4M4WP5;
				ENABLE_HARDENED_RUNTIME = YES;
				INFOPLIST_FILE = "$(SRCROOT)/TransferKitty ShareExtension macOS/Info.plist";
				LD_RUNPATH_SEARCH_PATHS = (
					"$(inherited)",
					"@executable_path/../Frameworks",
					"@executable_path/../../../../Frameworks",
				);
				MACOSX_DEPLOYMENT_TARGET = 10.14;
				PRODUCT_BUNDLE_IDENTIFIER = vserhiienko.TransferKitty.ShareExtension.macOS;
				PRODUCT_NAME = "$(TARGET_NAME)";
				SDKROOT = macosx;
				SKIP_INSTALL = YES;
			};
			name = Release;
		};
/* End XCBuildConfiguration section */

/* Begin XCConfigurationList section */
		CACC747C2354F93500FE3672 /* Build configuration list for PBXProject "TransferKitty" */ = {
			isa = XCConfigurationList;
			buildConfigurations = (
				CACC74B12354F93800FE3672 /* Debug */,
				CACC74B22354F93800FE3672 /* Release */,
			);
			defaultConfigurationIsVisible = 0;
			defaultConfigurationName = Release;
		};
		CACC74B32354F93800FE3672 /* Build configuration list for PBXNativeTarget "TransferKitty iOS" */ = {
			isa = XCConfigurationList;
			buildConfigurations = (
				CACC74B42354F93800FE3672 /* Debug */,
				CACC74B52354F93800FE3672 /* Release */,
			);
			defaultConfigurationIsVisible = 0;
			defaultConfigurationName = Release;
		};
		CACC74B62354F93800FE3672 /* Build configuration list for PBXNativeTarget "TransferKitty macOS" */ = {
			isa = XCConfigurationList;
			buildConfigurations = (
				CACC74B72354F93800FE3672 /* Debug */,
				CACC74B82354F93800FE3672 /* Release */,
			);
			defaultConfigurationIsVisible = 0;
			defaultConfigurationName = Release;
		};
		CACC74C92354F9AB00FE3672 /* Build configuration list for PBXNativeTarget "TransferKitty ShareExtension iOS" */ = {
			isa = XCConfigurationList;
			buildConfigurations = (
				CACC74CA2354F9AB00FE3672 /* Debug */,
				CACC74CB2354F9AB00FE3672 /* Release */,
			);
			defaultConfigurationIsVisible = 0;
			defaultConfigurationName = Release;
		};
		F998F732236E312E0025564F /* Build configuration list for PBXNativeTarget "TransferKitty ShareExtension macOS" */ = {
			isa = XCConfigurationList;
			buildConfigurations = (
				F998F733236E312E0025564F /* Debug */,
				F998F734236E312E0025564F /* Release */,
			);
			defaultConfigurationIsVisible = 0;
			defaultConfigurationName = Release;
		};
/* End XCConfigurationList section */
	};
	rootObject = CACC74792354F93500FE3672 /* Project object */;
}
